
Microsoft Visual Studio Solution File, Format Version 12.00
# Visual Studio Version 17
VisualStudioVersion = 17.9.34723.18
MinimumVisualStudioVersion = 10.0.40219.1
Project("{FAE04EC0-301F-11D3-BF4B-00C04F79EFBC}") = "WebApplication4", "WebApplication4\WebApplication4.csproj", "{6CB39ED4-525F-4426-BF0B-C40DF1879086}"
EndProject
Global
	GlobalSection(SolutionConfigurationPlatforms) = preSolution
		Debug|Any CPU = Debug|Any CPU
		Release|Any CPU = Release|Any CPU
	EndGlobalSection
	GlobalSection(ProjectConfigurationPlatforms) = postSolution
		{6CB39ED4-525F-4426-BF0B-C40DF1879086}.Debug|Any CPU.ActiveCfg = Debug|Any CPU
		{6CB39ED4-525F-4426-BF0B-C40DF1879086}.Debug|Any CPU.Build.0 = Debug|Any CPU
		{6CB39ED4-525F-4426-BF0B-C40DF1879086}.Release|Any CPU.ActiveCfg = Release|Any CPU
		{6CB39ED4-525F-4426-BF0B-C40DF1879086}.Release|Any CPU.Build.0 = Release|Any CPU
	EndGlobalSection
	GlobalSection(SolutionProperties) = preSolution
		HideSolutionNode = FALSE
	EndGlobalSection
	GlobalSection(ExtensibilityGlobals) = postSolution
		SolutionGuid = {6258659C-29A3-4DBC-9998-F0CAD5FA0528}
	EndGlobalSection
EndGlobal
